
Microsoft Visual Studio Solution File, Format Version 12.00
# Visual Studio Version 17
VisualStudioVersion = 17.8.34330.188
MinimumVisualStudioVersion = 10.0.40219.1
Project("{9A19103F-16F7-4668-BE54-9A1E7A4F7556}") = "assignment5", "src\assignment5.csproj", "{AC8F6FDA-1EAA-4361-B465-6EBF196EDB53}"
EndProject
Project("{9A19103F-16F7-4668-BE54-9A1E7A4F7556}") = "assignment5.Tests", "test\assignment5.Tests.csproj", "{6AADD035-D41F-466E-9B5B-BA48BABAB4B8}"
EndProject
Project("{FAE04EC0-301F-11D3-BF4B-00C04F79EFBC}") = "assignment5.WinForms", "assignment5.WinForms\assignment5.WinForms.csproj", "{B5672428-EFE2-4923-A248-E194282FD05A}"
EndProject
Global
	GlobalSection(SolutionConfigurationPlatforms) = preSolution
		Debug|Any CPU = Debug|Any CPU
		Debug|x64 = Debug|x64
		Debug|x86 = Debug|x86
		Release|Any CPU = Release|Any CPU
		Release|x64 = Release|x64
		Release|x86 = Release|x86
	EndGlobalSection
	GlobalSection(ProjectConfigurationPlatforms) = postSolution
		{AC8F6FDA-1EAA-4361-B465-6EBF196EDB53}.Debug|Any CPU.ActiveCfg = Debug|Any CPU
		{AC8F6FDA-1EAA-4361-B465-6EBF196EDB53}.Debug|Any CPU.Build.0 = Debug|Any CPU
		{AC8F6FDA-1EAA-4361-B465-6EBF196EDB53}.Debug|x64.ActiveCfg = Debug|Any CPU
		{AC8F6FDA-1EAA-4361-B465-6EBF196EDB53}.Debug|x64.Build.0 = Debug|Any CPU
		{AC8F6FDA-1EAA-4361-B465-6EBF196EDB53}.Debug|x86.ActiveCfg = Debug|Any CPU
		{AC8F6FDA-1EAA-4361-B465-6EBF196EDB53}.Debug|x86.Build.0 = Debug|Any CPU
		{AC8F6FDA-1EAA-4361-B465-6EBF196EDB53}.Release|Any CPU.ActiveCfg = Release|Any CPU
		{AC8F6FDA-1EAA-4361-B465-6EBF196EDB53}.Release|Any CPU.Build.0 = Release|Any CPU
		{AC8F6FDA-1EAA-4361-B465-6EBF196EDB53}.Release|x64.ActiveCfg = Release|Any CPU
		{AC8F6FDA-1EAA-4361-B465-6EBF196EDB53}.Release|x64.Build.0 = Release|Any CPU
		{AC8F6FDA-1EAA-4361-B465-6EBF196EDB53}.Release|x86.ActiveCfg = Release|Any CPU
		{AC8F6FDA-1EAA-4361-B465-6EBF196EDB53}.Release|x86.Build.0 = Release|Any CPU
		{6AADD035-D41F-466E-9B5B-BA48BABAB4B8}.Debug|Any CPU.ActiveCfg = Debug|Any CPU
		{6AADD035-D41F-466E-9B5B-BA48BABAB4B8}.Debug|Any CPU.Build.0 = Debug|Any CPU
		{6AADD035-D41F-466E-9B5B-BA48BABAB4B8}.Debug|x64.ActiveCfg = Debug|Any CPU
		{6AADD035-D41F-466E-9B5B-BA48BABAB4B8}.Debug|x64.Build.0 = Debug|Any CPU
		{6AADD035-D41F-466E-9B5B-BA48BABAB4B8}.Debug|x86.ActiveCfg = Debug|Any CPU
		{6AADD035-D41F-466E-9B5B-BA48BABAB4B8}.Debug|x86.Build.0 = Debug|Any CPU
		{6AADD035-D41F-466E-9B5B-BA48BABAB4B8}.Release|Any CPU.ActiveCfg = Release|Any CPU
		{6AADD035-D41F-466E-9B5B-BA48BABAB4B8}.Release|Any CPU.Build.0 = Release|Any CPU
		{6AADD035-D41F-466E-9B5B-BA48BABAB4B8}.Release|x64.ActiveCfg = Release|Any CPU
		{6AADD035-D41F-466E-9B5B-BA48BABAB4B8}.Release|x64.Build.0 = Release|Any CPU
		{6AADD035-D41F-466E-9B5B-BA48BABAB4B8}.Release|x86.ActiveCfg = Release|Any CPU
		{6AADD035-D41F-466E-9B5B-BA48BABAB4B8}.Release|x86.Build.0 = Release|Any CPU
		{B5672428-EFE2-4923-A248-E194282FD05A}.Debug|Any CPU.ActiveCfg = Debug|Any CPU
		{B5672428-EFE2-4923-A248-E194282FD05A}.Debug|Any CPU.Build.0 = Debug|Any CPU
		{B5672428-EFE2-4923-A248-E194282FD05A}.Debug|x64.ActiveCfg = Debug|Any CPU
		{B5672428-EFE2-4923-A248-E194282FD05A}.Debug|x64.Build.0 = Debug|Any CPU
		{B5672428-EFE2-4923-A248-E194282FD05A}.Debug|x86.ActiveCfg = Debug|Any CPU
		{B5672428-EFE2-4923-A248-E194282FD05A}.Debug|x86.Build.0 = Debug|Any CPU
		{B5672428-EFE2-4923-A248-E194282FD05A}.Release|Any CPU.ActiveCfg = Release|Any CPU
		{B5672428-EFE2-4923-A248-E194282FD05A}.Release|Any CPU.Build.0 = Release|Any CPU
		{B5672428-EFE2-4923-A248-E194282FD05A}.Release|x64.ActiveCfg = Release|Any CPU
		{B5672428-EFE2-4923-A248-E194282FD05A}.Release|x64.Build.0 = Release|Any CPU
		{B5672428-EFE2-4923-A248-E194282FD05A}.Release|x86.ActiveCfg = Release|Any CPU
		{B5672428-EFE2-4923-A248-E194282FD05A}.Release|x86.Build.0 = Release|Any CPU
	EndGlobalSection
	GlobalSection(SolutionProperties) = preSolution
		HideSolutionNode = FALSE
	EndGlobalSection
	GlobalSection(ExtensibilityGlobals) = postSolution
		SolutionGuid = {97D4C971-45F1-438D-9419-594F6C144496}
	EndGlobalSection
EndGlobal
